
Microsoft Visual Studio Solution File, Format Version 12.00
# Visual Studio 15
VisualStudioVersion = 15.0.26730.16
MinimumVisualStudioVersion = 10.0.40219.1
Project("{FAE04EC0-301F-11D3-BF4B-00C04F79EFBC}") = "server", "server\server.csproj", "{2E0E6D67-9653-41CD-835E-F75BAB37D900}"
EndProject
Project("{FAE04EC0-301F-11D3-BF4B-00C04F79EFBC}") = "client.Android", "client\client.Android\client.Android.csproj", "{F67BF79A-C434-4DAA-B7B8-31DE844F15D3}"
EndProject
Project("{FAE04EC0-301F-11D3-BF4B-00C04F79EFBC}") = "client", "client\client\client.csproj", "{75B23BE5-72EC-4D64-B5B7-3BD6C53FFDEF}"
EndProject
Project("{FAE04EC0-301F-11D3-BF4B-00C04F79EFBC}") = "client.UWP", "client\client.UWP\client.UWP.csproj", "{45367F8E-693C-4FC6-8E9D-354B4B903F01}"
EndProject
Project("{FAE04EC0-301F-11D3-BF4B-00C04F79EFBC}") = "client.iOS", "client\client.iOS\client.iOS.csproj", "{5858B3DC-8D1D-44E9-895E-4613290F0936}"
EndProject
Global
	GlobalSection(SolutionConfigurationPlatforms) = preSolution
		Ad-Hoc|Any CPU = Ad-Hoc|Any CPU
		Ad-Hoc|ARM = Ad-Hoc|ARM
		Ad-Hoc|iPhone = Ad-Hoc|iPhone
		Ad-Hoc|iPhoneSimulator = Ad-Hoc|iPhoneSimulator
		Ad-Hoc|x64 = Ad-Hoc|x64
		Ad-Hoc|x86 = Ad-Hoc|x86
		AppStore|Any CPU = AppStore|Any CPU
		AppStore|ARM = AppStore|ARM
		AppStore|iPhone = AppStore|iPhone
		AppStore|iPhoneSimulator = AppStore|iPhoneSimulator
		AppStore|x64 = AppStore|x64
		AppStore|x86 = AppStore|x86
		Debug|Any CPU = Debug|Any CPU
		Debug|ARM = Debug|ARM
		Debug|iPhone = Debug|iPhone
		Debug|iPhoneSimulator = Debug|iPhoneSimulator
		Debug|x64 = Debug|x64
		Debug|x86 = Debug|x86
		Release|Any CPU = Release|Any CPU
		Release|ARM = Release|ARM
		Release|iPhone = Release|iPhone
		Release|iPhoneSimulator = Release|iPhoneSimulator
		Release|x64 = Release|x64
		Release|x86 = Release|x86
	EndGlobalSection
	GlobalSection(ProjectConfigurationPlatforms) = postSolution
		{2E0E6D67-9653-41CD-835E-F75BAB37D900}.Ad-Hoc|Any CPU.ActiveCfg = Release|Any CPU
		{2E0E6D67-9653-41CD-835E-F75BAB37D900}.Ad-Hoc|Any CPU.Build.0 = Release|Any CPU
		{2E0E6D67-9653-41CD-835E-F75BAB37D900}.Ad-Hoc|ARM.ActiveCfg = Release|Any CPU
		{2E0E6D67-9653-41CD-835E-F75BAB37D900}.Ad-Hoc|ARM.Build.0 = Release|Any CPU
		{2E0E6D67-9653-41CD-835E-F75BAB37D900}.Ad-Hoc|iPhone.ActiveCfg = Release|Any CPU
		{2E0E6D67-9653-41CD-835E-F75BAB37D900}.Ad-Hoc|iPhone.Build.0 = Release|Any CPU
		{2E0E6D67-9653-41CD-835E-F75BAB37D900}.Ad-Hoc|iPhoneSimulator.ActiveCfg = Release|Any CPU
		{2E0E6D67-9653-41CD-835E-F75BAB37D900}.Ad-Hoc|iPhoneSimulator.Build.0 = Release|Any CPU
		{2E0E6D67-9653-41CD-835E-F75BAB37D900}.Ad-Hoc|x64.ActiveCfg = Release|Any CPU
		{2E0E6D67-9653-41CD-835E-F75BAB37D900}.Ad-Hoc|x64.Build.0 = Release|Any CPU
		{2E0E6D67-9653-41CD-835E-F75BAB37D900}.Ad-Hoc|x86.ActiveCfg = Release|Any CPU
		{2E0E6D67-9653-41CD-835E-F75BAB37D900}.Ad-Hoc|x86.Build.0 = Release|Any CPU
		{2E0E6D67-9653-41CD-835E-F75BAB37D900}.AppStore|Any CPU.ActiveCfg = Release|Any CPU
		{2E0E6D67-9653-41CD-835E-F75BAB37D900}.AppStore|Any CPU.Build.0 = Release|Any CPU
		{2E0E6D67-9653-41CD-835E-F75BAB37D900}.AppStore|ARM.ActiveCfg = Release|Any CPU
		{2E0E6D67-9653-41CD-835E-F75BAB37D900}.AppStore|ARM.Build.0 = Release|Any CPU
		{2E0E6D67-9653-41CD-835E-F75BAB37D900}.AppStore|iPhone.ActiveCfg = Release|Any CPU
		{2E0E6D67-9653-41CD-835E-F75BAB37D900}.AppStore|iPhone.Build.0 = Release|Any CPU
		{2E0E6D67-9653-41CD-835E-F75BAB37D900}.AppStore|iPhoneSimulator.ActiveCfg = Release|Any CPU
		{2E0E6D67-9653-41CD-835E-F75BAB37D900}.AppStore|iPhoneSimulator.Build.0 = Release|Any CPU
		{2E0E6D67-9653-41CD-835E-F75BAB37D900}.AppStore|x64.ActiveCfg = Release|Any CPU
		{2E0E6D67-9653-41CD-835E-F75BAB37D900}.AppStore|x64.Build.0 = Release|Any CPU
		{2E0E6D67-9653-41CD-835E-F75BAB37D900}.AppStore|x86.ActiveCfg = Release|Any CPU
		{2E0E6D67-9653-41CD-835E-F75BAB37D900}.AppStore|x86.Build.0 = Release|Any CPU
		{2E0E6D67-9653-41CD-835E-F75BAB37D900}.Debug|Any CPU.ActiveCfg = Debug|Any CPU
		{2E0E6D67-9653-41CD-835E-F75BAB37D900}.Debug|Any CPU.Build.0 = Debug|Any CPU
		{2E0E6D67-9653-41CD-835E-F75BAB37D900}.Debug|ARM.ActiveCfg = Debug|Any CPU
		{2E0E6D67-9653-41CD-835E-F75BAB37D900}.Debug|ARM.Build.0 = Debug|Any CPU
		{2E0E6D67-9653-41CD-835E-F75BAB37D900}.Debug|iPhone.ActiveCfg = Debug|Any CPU
		{2E0E6D67-9653-41CD-835E-F75BAB37D900}.Debug|iPhone.Build.0 = Debug|Any CPU
		{2E0E6D67-9653-41CD-835E-F75BAB37D900}.Debug|iPhoneSimulator.ActiveCfg = Debug|Any CPU
		{2E0E6D67-9653-41CD-835E-F75BAB37D900}.Debug|iPhoneSimulator.Build.0 = Debug|Any CPU
		{2E0E6D67-9653-41CD-835E-F75BAB37D900}.Debug|x64.ActiveCfg = Debug|Any CPU
		{2E0E6D67-9653-41CD-835E-F75BAB37D900}.Debug|x64.Build.0 = Debug|Any CPU
		{2E0E6D67-9653-41CD-835E-F75BAB37D900}.Debug|x86.ActiveCfg = Debug|Any CPU
		{2E0E6D67-9653-41CD-835E-F75BAB37D900}.Debug|x86.Build.0 = Debug|Any CPU
		{2E0E6D67-9653-41CD-835E-F75BAB37D900}.Release|Any CPU.ActiveCfg = Release|Any CPU
		{2E0E6D67-9653-41CD-835E-F75BAB37D900}.Release|Any CPU.Build.0 = Release|Any CPU
		{2E0E6D67-9653-41CD-835E-F75BAB37D900}.Release|ARM.ActiveCfg = Release|Any CPU
		{2E0E6D67-9653-41CD-835E-F75BAB37D900}.Release|ARM.Build.0 = Release|Any CPU
		{2E0E6D67-9653-41CD-835E-F75BAB37D900}.Release|iPhone.ActiveCfg = Release|Any CPU
		{2E0E6D67-9653-41CD-835E-F75BAB37D900}.Release|iPhone.Build.0 = Release|Any CPU
		{2E0E6D67-9653-41CD-835E-F75BAB37D900}.Release|iPhoneSimulator.ActiveCfg = Release|Any CPU
		{2E0E6D67-9653-41CD-835E-F75BAB37D900}.Release|iPhoneSimulator.Build.0 = Release|Any CPU
		{2E0E6D67-9653-41CD-835E-F75BAB37D900}.Release|x64.ActiveCfg = Release|Any CPU
		{2E0E6D67-9653-41CD-835E-F75BAB37D900}.Release|x64.Build.0 = Release|Any CPU
		{2E0E6D67-9653-41CD-835E-F75BAB37D900}.Release|x86.ActiveCfg = Release|Any CPU
		{2E0E6D67-9653-41CD-835E-F75BAB37D900}.Release|x86.Build.0 = Release|Any CPU
		{F67BF79A-C434-4DAA-B7B8-31DE844F15D3}.Ad-Hoc|Any CPU.ActiveCfg = Release|Any CPU
		{F67BF79A-C434-4DAA-B7B8-31DE844F15D3}.Ad-Hoc|Any CPU.Build.0 = Release|Any CPU
		{F67BF79A-C434-4DAA-B7B8-31DE844F15D3}.Ad-Hoc|Any CPU.Deploy.0 = Release|Any CPU
		{F67BF79A-C434-4DAA-B7B8-31DE844F15D3}.Ad-Hoc|ARM.ActiveCfg = Release|Any CPU
		{F67BF79A-C434-4DAA-B7B8-31DE844F15D3}.Ad-Hoc|ARM.Build.0 = Release|Any CPU
		{F67BF79A-C434-4DAA-B7B8-31DE844F15D3}.Ad-Hoc|ARM.Deploy.0 = Release|Any CPU
		{F67BF79A-C434-4DAA-B7B8-31DE844F15D3}.Ad-Hoc|iPhone.ActiveCfg = Release|Any CPU
		{F67BF79A-C434-4DAA-B7B8-31DE844F15D3}.Ad-Hoc|iPhone.Build.0 = Release|Any CPU
		{F67BF79A-C434-4DAA-B7B8-31DE844F15D3}.Ad-Hoc|iPhone.Deploy.0 = Release|Any CPU
		{F67BF79A-C434-4DAA-B7B8-31DE844F15D3}.Ad-Hoc|iPhoneSimulator.ActiveCfg = Release|Any CPU
		{F67BF79A-C434-4DAA-B7B8-31DE844F15D3}.Ad-Hoc|iPhoneSimulator.Build.0 = Release|Any CPU
		{F67BF79A-C434-4DAA-B7B8-31DE844F15D3}.Ad-Hoc|iPhoneSimulator.Deploy.0 = Release|Any CPU
		{F67BF79A-C434-4DAA-B7B8-31DE844F15D3}.Ad-Hoc|x64.ActiveCfg = Release|Any CPU
		{F67BF79A-C434-4DAA-B7B8-31DE844F15D3}.Ad-Hoc|x64.Build.0 = Release|Any CPU
		{F67BF79A-C434-4DAA-B7B8-31DE844F15D3}.Ad-Hoc|x64.Deploy.0 = Release|Any CPU
		{F67BF79A-C434-4DAA-B7B8-31DE844F15D3}.Ad-Hoc|x86.ActiveCfg = Release|Any CPU
		{F67BF79A-C434-4DAA-B7B8-31DE844F15D3}.Ad-Hoc|x86.Build.0 = Release|Any CPU
		{F67BF79A-C434-4DAA-B7B8-31DE844F15D3}.Ad-Hoc|x86.Deploy.0 = Release|Any CPU
		{F67BF79A-C434-4DAA-B7B8-31DE844F15D3}.AppStore|Any CPU.ActiveCfg = Release|Any CPU
		{F67BF79A-C434-4DAA-B7B8-31DE844F15D3}.AppStore|Any CPU.Build.0 = Release|Any CPU
		{F67BF79A-C434-4DAA-B7B8-31DE844F15D3}.AppStore|Any CPU.Deploy.0 = Release|Any CPU
		{F67BF79A-C434-4DAA-B7B8-31DE844F15D3}.AppStore|ARM.ActiveCfg = Release|Any CPU
		{F67BF79A-C434-4DAA-B7B8-31DE844F15D3}.AppStore|ARM.Build.0 = Release|Any CPU
		{F67BF79A-C434-4DAA-B7B8-31DE844F15D3}.AppStore|ARM.Deploy.0 = Release|Any CPU
		{F67BF79A-C434-4DAA-B7B8-31DE844F15D3}.AppStore|iPhone.ActiveCfg = Release|Any CPU
		{F67BF79A-C434-4DAA-B7B8-31DE844F15D3}.AppStore|iPhone.Build.0 = Release|Any CPU
		{F67BF79A-C434-4DAA-B7B8-31DE844F15D3}.AppStore|iPhone.Deploy.0 = Release|Any CPU
		{F67BF79A-C434-4DAA-B7B8-31DE844F15D3}.AppStore|iPhoneSimulator.ActiveCfg = Release|Any CPU
		{F67BF79A-C434-4DAA-B7B8-31DE844F15D3}.AppStore|iPhoneSimulator.Build.0 = Release|Any CPU
		{F67BF79A-C434-4DAA-B7B8-31DE844F15D3}.AppStore|iPhoneSimulator.Deploy.0 = Release|Any CPU
		{F67BF79A-C434-4DAA-B7B8-31DE844F15D3}.AppStore|x64.ActiveCfg = Release|Any CPU
		{F67BF79A-C434-4DAA-B7B8-31DE844F15D3}.AppStore|x64.Build.0 = Release|Any CPU
		{F67BF79A-C434-4DAA-B7B8-31DE844F15D3}.AppStore|x64.Deploy.0 = Release|Any CPU
		{F67BF79A-C434-4DAA-B7B8-31DE844F15D3}.AppStore|x86.ActiveCfg = Release|Any CPU
		{F67BF79A-C434-4DAA-B7B8-31DE844F15D3}.AppStore|x86.Build.0 = Release|Any CPU
		{F67BF79A-C434-4DAA-B7B8-31DE844F15D3}.AppStore|x86.Deploy.0 = Release|Any CPU
		{F67BF79A-C434-4DAA-B7B8-31DE844F15D3}.Debug|Any CPU.ActiveCfg = Debug|Any CPU
		{F67BF79A-C434-4DAA-B7B8-31DE844F15D3}.Debug|Any CPU.Build.0 = Debug|Any CPU
		{F67BF79A-C434-4DAA-B7B8-31DE844F15D3}.Debug|Any CPU.Deploy.0 = Debug|Any CPU
		{F67BF79A-C434-4DAA-B7B8-31DE844F15D3}.Debug|ARM.ActiveCfg = Debug|Any CPU
		{F67BF79A-C434-4DAA-B7B8-31DE844F15D3}.Debug|ARM.Build.0 = Debug|Any CPU
		{F67BF79A-C434-4DAA-B7B8-31DE844F15D3}.Debug|ARM.Deploy.0 = Debug|Any CPU
		{F67BF79A-C434-4DAA-B7B8-31DE844F15D3}.Debug|iPhone.ActiveCfg = Debug|Any CPU
		{F67BF79A-C434-4DAA-B7B8-31DE844F15D3}.Debug|iPhone.Build.0 = Debug|Any CPU
		{F67BF79A-C434-4DAA-B7B8-31DE844F15D3}.Debug|iPhone.Deploy.0 = Debug|Any CPU
		{F67BF79A-C434-4DAA-B7B8-31DE844F15D3}.Debug|iPhoneSimulator.ActiveCfg = Debug|Any CPU
		{F67BF79A-C434-4DAA-B7B8-31DE844F15D3}.Debug|iPhoneSimulator.Build.0 = Debug|Any CPU
		{F67BF79A-C434-4DAA-B7B8-31DE844F15D3}.Debug|iPhoneSimulator.Deploy.0 = Debug|Any CPU
		{F67BF79A-C434-4DAA-B7B8-31DE844F15D3}.Debug|x64.ActiveCfg = Debug|Any CPU
		{F67BF79A-C434-4DAA-B7B8-31DE844F15D3}.Debug|x64.Build.0 = Debug|Any CPU
		{F67BF79A-C434-4DAA-B7B8-31DE844F15D3}.Debug|x64.Deploy.0 = Debug|Any CPU
		{F67BF79A-C434-4DAA-B7B8-31DE844F15D3}.Debug|x86.ActiveCfg = Debug|Any CPU
		{F67BF79A-C434-4DAA-B7B8-31DE844F15D3}.Debug|x86.Build.0 = Debug|Any CPU
		{F67BF79A-C434-4DAA-B7B8-31DE844F15D3}.Debug|x86.Deploy.0 = Debug|Any CPU
		{F67BF79A-C434-4DAA-B7B8-31DE844F15D3}.Release|Any CPU.ActiveCfg = Release|Any CPU
		{F67BF79A-C434-4DAA-B7B8-31DE844F15D3}.Release|Any CPU.Build.0 = Release|Any CPU
		{F67BF79A-C434-4DAA-B7B8-31DE844F15D3}.Release|Any CPU.Deploy.0 = Release|Any CPU
		{F67BF79A-C434-4DAA-B7B8-31DE844F15D3}.Release|ARM.ActiveCfg = Release|Any CPU
		{F67BF79A-C434-4DAA-B7B8-31DE844F15D3}.Release|ARM.Build.0 = Release|Any CPU
		{F67BF79A-C434-4DAA-B7B8-31DE844F15D3}.Release|ARM.Deploy.0 = Release|Any CPU
		{F67BF79A-C434-4DAA-B7B8-31DE844F15D3}.Release|iPhone.ActiveCfg = Release|Any CPU
		{F67BF79A-C434-4DAA-B7B8-31DE844F15D3}.Release|iPhone.Build.0 = Release|Any CPU
		{F67BF79A-C434-4DAA-B7B8-31DE844F15D3}.Release|iPhone.Deploy.0 = Release|Any CPU
		{F67BF79A-C434-4DAA-B7B8-31DE844F15D3}.Release|iPhoneSimulator.ActiveCfg = Release|Any CPU
		{F67BF79A-C434-4DAA-B7B8-31DE844F15D3}.Release|iPhoneSimulator.Build.0 = Release|Any CPU
		{F67BF79A-C434-4DAA-B7B8-31DE844F15D3}.Release|iPhoneSimulator.Deploy.0 = Release|Any CPU
		{F67BF79A-C434-4DAA-B7B8-31DE844F15D3}.Release|x64.ActiveCfg = Release|Any CPU
		{F67BF79A-C434-4DAA-B7B8-31DE844F15D3}.Release|x64.Build.0 = Release|Any CPU
		{F67BF79A-C434-4DAA-B7B8-31DE844F15D3}.Release|x64.Deploy.0 = Release|Any CPU
		{F67BF79A-C434-4DAA-B7B8-31DE844F15D3}.Release|x86.ActiveCfg = Release|Any CPU
		{F67BF79A-C434-4DAA-B7B8-31DE844F15D3}.Release|x86.Build.0 = Release|Any CPU
		{F67BF79A-C434-4DAA-B7B8-31DE844F15D3}.Release|x86.Deploy.0 = Release|Any CPU
		{75B23BE5-72EC-4D64-B5B7-3BD6C53FFDEF}.Ad-Hoc|Any CPU.ActiveCfg = Release|Any CPU
		{75B23BE5-72EC-4D64-B5B7-3BD6C53FFDEF}.Ad-Hoc|Any CPU.Build.0 = Release|Any CPU
		{75B23BE5-72EC-4D64-B5B7-3BD6C53FFDEF}.Ad-Hoc|ARM.ActiveCfg = Release|Any CPU
		{75B23BE5-72EC-4D64-B5B7-3BD6C53FFDEF}.Ad-Hoc|ARM.Build.0 = Release|Any CPU
		{75B23BE5-72EC-4D64-B5B7-3BD6C53FFDEF}.Ad-Hoc|iPhone.ActiveCfg = Release|Any CPU
		{75B23BE5-72EC-4D64-B5B7-3BD6C53FFDEF}.Ad-Hoc|iPhone.Build.0 = Release|Any CPU
		{75B23BE5-72EC-4D64-B5B7-3BD6C53FFDEF}.Ad-Hoc|iPhoneSimulator.ActiveCfg = Release|Any CPU
		{75B23BE5-72EC-4D64-B5B7-3BD6C53FFDEF}.Ad-Hoc|iPhoneSimulator.Build.0 = Release|Any CPU
		{75B23BE5-72EC-4D64-B5B7-3BD6C53FFDEF}.Ad-Hoc|x64.ActiveCfg = Release|Any CPU
		{75B23BE5-72EC-4D64-B5B7-3BD6C53FFDEF}.Ad-Hoc|x64.Build.0 = Release|Any CPU
		{75B23BE5-72EC-4D64-B5B7-3BD6C53FFDEF}.Ad-Hoc|x86.ActiveCfg = Release|Any CPU
		{75B23BE5-72EC-4D64-B5B7-3BD6C53FFDEF}.Ad-Hoc|x86.Build.0 = Release|Any CPU
		{75B23BE5-72EC-4D64-B5B7-3BD6C53FFDEF}.AppStore|Any CPU.ActiveCfg = Release|Any CPU
		{75B23BE5-72EC-4D64-B5B7-3BD6C53FFDEF}.AppStore|Any CPU.Build.0 = Release|Any CPU
		{75B23BE5-72EC-4D64-B5B7-3BD6C53FFDEF}.AppStore|ARM.ActiveCfg = Release|Any CPU
		{75B23BE5-72EC-4D64-B5B7-3BD6C53FFDEF}.AppStore|ARM.Build.0 = Release|Any CPU
		{75B23BE5-72EC-4D64-B5B7-3BD6C53FFDEF}.AppStore|iPhone.ActiveCfg = Release|Any CPU
		{75B23BE5-72EC-4D64-B5B7-3BD6C53FFDEF}.AppStore|iPhone.Build.0 = Release|Any CPU
		{75B23BE5-72EC-4D64-B5B7-3BD6C53FFDEF}.AppStore|iPhoneSimulator.ActiveCfg = Release|Any CPU
		{75B23BE5-72EC-4D64-B5B7-3BD6C53FFDEF}.AppStore|iPhoneSimulator.Build.0 = Release|Any CPU
		{75B23BE5-72EC-4D64-B5B7-3BD6C53FFDEF}.AppStore|x64.ActiveCfg = Release|Any CPU
		{75B23BE5-72EC-4D64-B5B7-3BD6C53FFDEF}.AppStore|x64.Build.0 = Release|Any CPU
		{75B23BE5-72EC-4D64-B5B7-3BD6C53FFDEF}.AppStore|x86.ActiveCfg = Release|Any CPU
		{75B23BE5-72EC-4D64-B5B7-3BD6C53FFDEF}.AppStore|x86.Build.0 = Release|Any CPU
		{75B23BE5-72EC-4D64-B5B7-3BD6C53FFDEF}.Debug|Any CPU.ActiveCfg = Debug|Any CPU
		{75B23BE5-72EC-4D64-B5B7-3BD6C53FFDEF}.Debug|Any CPU.Build.0 = Debug|Any CPU
		{75B23BE5-72EC-4D64-B5B7-3BD6C53FFDEF}.Debug|ARM.ActiveCfg = Debug|Any CPU
		{75B23BE5-72EC-4D64-B5B7-3BD6C53FFDEF}.Debug|ARM.Build.0 = Debug|Any CPU
		{75B23BE5-72EC-4D64-B5B7-3BD6C53FFDEF}.Debug|iPhone.ActiveCfg = Debug|Any CPU
		{75B23BE5-72EC-4D64-B5B7-3BD6C53FFDEF}.Debug|iPhone.Build.0 = Debug|Any CPU
		{75B23BE5-72EC-4D64-B5B7-3BD6C53FFDEF}.Debug|iPhoneSimulator.ActiveCfg = Debug|Any CPU
		{75B23BE5-72EC-4D64-B5B7-3BD6C53FFDEF}.Debug|iPhoneSimulator.Build.0 = Debug|Any CPU
		{75B23BE5-72EC-4D64-B5B7-3BD6C53FFDEF}.Debug|x64.ActiveCfg = Debug|Any CPU
		{75B23BE5-72EC-4D64-B5B7-3BD6C53FFDEF}.Debug|x64.Build.0 = Debug|Any CPU
		{75B23BE5-72EC-4D64-B5B7-3BD6C53FFDEF}.Debug|x86.ActiveCfg = Debug|Any CPU
		{75B23BE5-72EC-4D64-B5B7-3BD6C53FFDEF}.Debug|x86.Build.0 = Debug|Any CPU
		{75B23BE5-72EC-4D64-B5B7-3BD6C53FFDEF}.Release|Any CPU.ActiveCfg = Release|Any CPU
		{75B23BE5-72EC-4D64-B5B7-3BD6C53FFDEF}.Release|Any CPU.Build.0 = Release|Any CPU
		{75B23BE5-72EC-4D64-B5B7-3BD6C53FFDEF}.Release|ARM.ActiveCfg = Release|Any CPU
		{75B23BE5-72EC-4D64-B5B7-3BD6C53FFDEF}.Release|ARM.Build.0 = Release|Any CPU
		{75B23BE5-72EC-4D64-B5B7-3BD6C53FFDEF}.Release|iPhone.ActiveCfg = Release|Any CPU
		{75B23BE5-72EC-4D64-B5B7-3BD6C53FFDEF}.Release|iPhone.Build.0 = Release|Any CPU
		{75B23BE5-72EC-4D64-B5B7-3BD6C53FFDEF}.Release|iPhoneSimulator.ActiveCfg = Release|Any CPU
		{75B23BE5-72EC-4D64-B5B7-3BD6C53FFDEF}.Release|iPhoneSimulator.Build.0 = Release|Any CPU
		{75B23BE5-72EC-4D64-B5B7-3BD6C53FFDEF}.Release|x64.ActiveCfg = Release|Any CPU
		{75B23BE5-72EC-4D64-B5B7-3BD6C53FFDEF}.Release|x64.Build.0 = Release|Any CPU
		{75B23BE5-72EC-4D64-B5B7-3BD6C53FFDEF}.Release|x86.ActiveCfg = Release|Any CPU
		{75B23BE5-72EC-4D64-B5B7-3BD6C53FFDEF}.Release|x86.Build.0 = Release|Any CPU
		{45367F8E-693C-4FC6-8E9D-354B4B903F01}.Ad-Hoc|Any CPU.ActiveCfg = Release|x86
		{45367F8E-693C-4FC6-8E9D-354B4B903F01}.Ad-Hoc|Any CPU.Build.0 = Release|x86
		{45367F8E-693C-4FC6-8E9D-354B4B903F01}.Ad-Hoc|Any CPU.Deploy.0 = Release|x86
		{45367F8E-693C-4FC6-8E9D-354B4B903F01}.Ad-Hoc|ARM.ActiveCfg = Release|ARM
		{45367F8E-693C-4FC6-8E9D-354B4B903F01}.Ad-Hoc|ARM.Build.0 = Release|ARM
		{45367F8E-693C-4FC6-8E9D-354B4B903F01}.Ad-Hoc|ARM.Deploy.0 = Release|ARM
		{45367F8E-693C-4FC6-8E9D-354B4B903F01}.Ad-Hoc|iPhone.ActiveCfg = Release|x86
		{45367F8E-693C-4FC6-8E9D-354B4B903F01}.Ad-Hoc|iPhone.Build.0 = Release|x86
		{45367F8E-693C-4FC6-8E9D-354B4B903F01}.Ad-Hoc|iPhone.Deploy.0 = Release|x86
		{45367F8E-693C-4FC6-8E9D-354B4B903F01}.Ad-Hoc|iPhoneSimulator.ActiveCfg = Release|x86
		{45367F8E-693C-4FC6-8E9D-354B4B903F01}.Ad-Hoc|iPhoneSimulator.Build.0 = Release|x86
		{45367F8E-693C-4FC6-8E9D-354B4B903F01}.Ad-Hoc|iPhoneSimulator.Deploy.0 = Release|x86
		{45367F8E-693C-4FC6-8E9D-354B4B903F01}.Ad-Hoc|x64.ActiveCfg = Release|x64
		{45367F8E-693C-4FC6-8E9D-354B4B903F01}.Ad-Hoc|x64.Build.0 = Release|x64
		{45367F8E-693C-4FC6-8E9D-354B4B903F01}.Ad-Hoc|x64.Deploy.0 = Release|x64
		{45367F8E-693C-4FC6-8E9D-354B4B903F01}.Ad-Hoc|x86.ActiveCfg = Release|x86
		{45367F8E-693C-4FC6-8E9D-354B4B903F01}.Ad-Hoc|x86.Build.0 = Release|x86
		{45367F8E-693C-4FC6-8E9D-354B4B903F01}.Ad-Hoc|x86.Deploy.0 = Release|x86
		{45367F8E-693C-4FC6-8E9D-354B4B903F01}.AppStore|Any CPU.ActiveCfg = Release|x86
		{45367F8E-693C-4FC6-8E9D-354B4B903F01}.AppStore|Any CPU.Build.0 = Release|x86
		{45367F8E-693C-4FC6-8E9D-354B4B903F01}.AppStore|Any CPU.Deploy.0 = Release|x86
		{45367F8E-693C-4FC6-8E9D-354B4B903F01}.AppStore|ARM.ActiveCfg = Release|ARM
		{45367F8E-693C-4FC6-8E9D-354B4B903F01}.AppStore|ARM.Build.0 = Release|ARM
		{45367F8E-693C-4FC6-8E9D-354B4B903F01}.AppStore|ARM.Deploy.0 = Release|ARM
		{45367F8E-693C-4FC6-8E9D-354B4B903F01}.AppStore|iPhone.ActiveCfg = Release|x86
		{45367F8E-693C-4FC6-8E9D-354B4B903F01}.AppStore|iPhone.Build.0 = Release|x86
		{45367F8E-693C-4FC6-8E9D-354B4B903F01}.AppStore|iPhone.Deploy.0 = Release|x86
		{45367F8E-693C-4FC6-8E9D-354B4B903F01}.AppStore|iPhoneSimulator.ActiveCfg = Release|x86
		{45367F8E-693C-4FC6-8E9D-354B4B903F01}.AppStore|iPhoneSimulator.Build.0 = Release|x86
		{45367F8E-693C-4FC6-8E9D-354B4B903F01}.AppStore|iPhoneSimulator.Deploy.0 = Release|x86
		{45367F8E-693C-4FC6-8E9D-354B4B903F01}.AppStore|x64.ActiveCfg = Release|x64
		{45367F8E-693C-4FC6-8E9D-354B4B903F01}.AppStore|x64.Build.0 = Release|x64
		{45367F8E-693C-4FC6-8E9D-354B4B903F01}.AppStore|x64.Deploy.0 = Release|x64
		{45367F8E-693C-4FC6-8E9D-354B4B903F01}.AppStore|x86.ActiveCfg = Release|x86
		{45367F8E-693C-4FC6-8E9D-354B4B903F01}.AppStore|x86.Build.0 = Release|x86
		{45367F8E-693C-4FC6-8E9D-354B4B903F01}.AppStore|x86.Deploy.0 = Release|x86
		{45367F8E-693C-4FC6-8E9D-354B4B903F01}.Debug|Any CPU.ActiveCfg = Debug|x86
		{45367F8E-693C-4FC6-8E9D-354B4B903F01}.Debug|ARM.ActiveCfg = Debug|ARM
		{45367F8E-693C-4FC6-8E9D-354B4B903F01}.Debug|ARM.Build.0 = Debug|ARM
		{45367F8E-693C-4FC6-8E9D-354B4B903F01}.Debug|ARM.Deploy.0 = Debug|ARM
		{45367F8E-693C-4FC6-8E9D-354B4B903F01}.Debug|iPhone.ActiveCfg = Debug|x86
		{45367F8E-693C-4FC6-8E9D-354B4B903F01}.Debug|iPhoneSimulator.ActiveCfg = Debug|x86
		{45367F8E-693C-4FC6-8E9D-354B4B903F01}.Debug|x64.ActiveCfg = Debug|x64
		{45367F8E-693C-4FC6-8E9D-354B4B903F01}.Debug|x64.Build.0 = Debug|x64
		{45367F8E-693C-4FC6-8E9D-354B4B903F01}.Debug|x64.Deploy.0 = Debug|x64
		{45367F8E-693C-4FC6-8E9D-354B4B903F01}.Debug|x86.ActiveCfg = Debug|x86
		{45367F8E-693C-4FC6-8E9D-354B4B903F01}.Debug|x86.Build.0 = Debug|x86
		{45367F8E-693C-4FC6-8E9D-354B4B903F01}.Debug|x86.Deploy.0 = Debug|x86
		{45367F8E-693C-4FC6-8E9D-354B4B903F01}.Release|Any CPU.ActiveCfg = Release|x86
		{45367F8E-693C-4FC6-8E9D-354B4B903F01}.Release|ARM.ActiveCfg = Release|ARM
		{45367F8E-693C-4FC6-8E9D-354B4B903F01}.Release|ARM.Build.0 = Release|ARM
		{45367F8E-693C-4FC6-8E9D-354B4B903F01}.Release|ARM.Deploy.0 = Release|ARM
		{45367F8E-693C-4FC6-8E9D-354B4B903F01}.Release|iPhone.ActiveCfg = Release|x86
		{45367F8E-693C-4FC6-8E9D-354B4B903F01}.Release|iPhoneSimulator.ActiveCfg = Release|x86
		{45367F8E-693C-4FC6-8E9D-354B4B903F01}.Release|x64.ActiveCfg = Release|x64
		{45367F8E-693C-4FC6-8E9D-354B4B903F01}.Release|x64.Build.0 = Release|x64
		{45367F8E-693C-4FC6-8E9D-354B4B903F01}.Release|x64.Deploy.0 = Release|x64
		{45367F8E-693C-4FC6-8E9D-354B4B903F01}.Release|x86.ActiveCfg = Release|x86
		{45367F8E-693C-4FC6-8E9D-354B4B903F01}.Release|x86.Build.0 = Release|x86
		{45367F8E-693C-4FC6-8E9D-354B4B903F01}.Release|x86.Deploy.0 = Release|x86
		{5858B3DC-8D1D-44E9-895E-4613290F0936}.Ad-Hoc|Any CPU.ActiveCfg = Ad-Hoc|iPhone
		{5858B3DC-8D1D-44E9-895E-4613290F0936}.Ad-Hoc|ARM.ActiveCfg = Ad-Hoc|iPhone
		{5858B3DC-8D1D-44E9-895E-4613290F0936}.Ad-Hoc|iPhone.ActiveCfg = Ad-Hoc|iPhone
		{5858B3DC-8D1D-44E9-895E-4613290F0936}.Ad-Hoc|iPhone.Build.0 = Ad-Hoc|iPhone
		{5858B3DC-8D1D-44E9-895E-4613290F0936}.Ad-Hoc|iPhoneSimulator.ActiveCfg = Ad-Hoc|iPhoneSimulator
		{5858B3DC-8D1D-44E9-895E-4613290F0936}.Ad-Hoc|iPhoneSimulator.Build.0 = Ad-Hoc|iPhoneSimulator
		{5858B3DC-8D1D-44E9-895E-4613290F0936}.Ad-Hoc|x64.ActiveCfg = Ad-Hoc|iPhone
		{5858B3DC-8D1D-44E9-895E-4613290F0936}.Ad-Hoc|x86.ActiveCfg = Ad-Hoc|iPhone
		{5858B3DC-8D1D-44E9-895E-4613290F0936}.AppStore|Any CPU.ActiveCfg = AppStore|iPhone
		{5858B3DC-8D1D-44E9-895E-4613290F0936}.AppStore|ARM.ActiveCfg = AppStore|iPhone
		{5858B3DC-8D1D-44E9-895E-4613290F0936}.AppStore|iPhone.ActiveCfg = AppStore|iPhone
		{5858B3DC-8D1D-44E9-895E-4613290F0936}.AppStore|iPhone.Build.0 = AppStore|iPhone
		{5858B3DC-8D1D-44E9-895E-4613290F0936}.AppStore|iPhoneSimulator.ActiveCfg = AppStore|iPhoneSimulator
		{5858B3DC-8D1D-44E9-895E-4613290F0936}.AppStore|iPhoneSimulator.Build.0 = AppStore|iPhoneSimulator
		{5858B3DC-8D1D-44E9-895E-4613290F0936}.AppStore|x64.ActiveCfg = AppStore|iPhone
		{5858B3DC-8D1D-44E9-895E-4613290F0936}.AppStore|x86.ActiveCfg = AppStore|iPhone
		{5858B3DC-8D1D-44E9-895E-4613290F0936}.Debug|Any CPU.ActiveCfg = Debug|iPhone
		{5858B3DC-8D1D-44E9-895E-4613290F0936}.Debug|ARM.ActiveCfg = Debug|iPhone
		{5858B3DC-8D1D-44E9-895E-4613290F0936}.Debug|iPhone.ActiveCfg = Debug|iPhone
		{5858B3DC-8D1D-44E9-895E-4613290F0936}.Debug|iPhone.Build.0 = Debug|iPhone
		{5858B3DC-8D1D-44E9-895E-4613290F0936}.Debug|iPhoneSimulator.ActiveCfg = Debug|iPhoneSimulator
		{5858B3DC-8D1D-44E9-895E-4613290F0936}.Debug|iPhoneSimulator.Build.0 = Debug|iPhoneSimulator
		{5858B3DC-8D1D-44E9-895E-4613290F0936}.Debug|x64.ActiveCfg = Debug|iPhone
		{5858B3DC-8D1D-44E9-895E-4613290F0936}.Debug|x86.ActiveCfg = Debug|iPhone
		{5858B3DC-8D1D-44E9-895E-4613290F0936}.Release|Any CPU.ActiveCfg = Release|iPhone
		{5858B3DC-8D1D-44E9-895E-4613290F0936}.Release|ARM.ActiveCfg = Release|iPhone
		{5858B3DC-8D1D-44E9-895E-4613290F0936}.Release|iPhone.ActiveCfg = Release|iPhone
		{5858B3DC-8D1D-44E9-895E-4613290F0936}.Release|iPhone.Build.0 = Release|iPhone
		{5858B3DC-8D1D-44E9-895E-4613290F0936}.Release|iPhoneSimulator.ActiveCfg = Release|iPhoneSimulator
		{5858B3DC-8D1D-44E9-895E-4613290F0936}.Release|iPhoneSimulator.Build.0 = Release|iPhoneSimulator
		{5858B3DC-8D1D-44E9-895E-4613290F0936}.Release|x64.ActiveCfg = Release|iPhone
		{5858B3DC-8D1D-44E9-895E-4613290F0936}.Release|x86.ActiveCfg = Release|iPhone
	EndGlobalSection
	GlobalSection(SolutionProperties) = preSolution
		HideSolutionNode = FALSE
	EndGlobalSection
	GlobalSection(ExtensibilityGlobals) = postSolution
		SolutionGuid = {81BA0BEF-D0F7-4719-BA64-DD2F03403C43}
	EndGlobalSection
EndGlobal
